
Microsoft Visual Studio Solution File, Format Version 12.00
# Visual Studio Version 17
VisualStudioVersion = 17.0.31903.59
MinimumVisualStudioVersion = 10.0.40219.1
Project("{FAE04EC0-301F-11D3-BF4B-00C04F79EFBC}") = "DutyApp.Domain", "DutyApp.Domain\DutyApp.Domain.csproj", "{A5AD315D-16FF-4FBB-BDEF-DDF002FE6D46}"
EndProject
Project("{FAE04EC0-301F-11D3-BF4B-00C04F79EFBC}") = "DutyApp.Application", "DutyApp.Application\DutyApp.Application.csproj", "{77E69A15-DE31-4CD9-BA32-B0B30076C7F6}"
EndProject
Project("{FAE04EC0-301F-11D3-BF4B-00C04F79EFBC}") = "DutyApp.Persistence", "DutyApp.Persistence\DutyApp.Persistence.csproj", "{B96F21C6-33E4-4F68-9087-CB93E979C121}"
EndProject
Project("{FAE04EC0-301F-11D3-BF4B-00C04F79EFBC}") = "DutyApp.WebAPI", "DutyApp.WebAPI\DutyApp.WebAPI.csproj", "{B8195784-CDCF-429F-8E72-A69A48A9F875}"
EndProject
Project("{FAE04EC0-301F-11D3-BF4B-00C04F79EFBC}") = "DutyApp.BlazorUI", "DutyApp.BlazorUI\DutyApp.BlazorUI.csproj", "{164369A4-E03C-4D05-8E38-9E7E8BFF20DB}"
EndProject
Global
	GlobalSection(SolutionConfigurationPlatforms) = preSolution
		Debug|Any CPU = Debug|Any CPU
		Release|Any CPU = Release|Any CPU
	EndGlobalSection
	GlobalSection(SolutionProperties) = preSolution
		HideSolutionNode = FALSE
	EndGlobalSection
	GlobalSection(ProjectConfigurationPlatforms) = postSolution
		{A5AD315D-16FF-4FBB-BDEF-DDF002FE6D46}.Debug|Any CPU.ActiveCfg = Debug|Any CPU
		{A5AD315D-16FF-4FBB-BDEF-DDF002FE6D46}.Debug|Any CPU.Build.0 = Debug|Any CPU
		{A5AD315D-16FF-4FBB-BDEF-DDF002FE6D46}.Release|Any CPU.ActiveCfg = Release|Any CPU
		{A5AD315D-16FF-4FBB-BDEF-DDF002FE6D46}.Release|Any CPU.Build.0 = Release|Any CPU
		{77E69A15-DE31-4CD9-BA32-B0B30076C7F6}.Debug|Any CPU.ActiveCfg = Debug|Any CPU
		{77E69A15-DE31-4CD9-BA32-B0B30076C7F6}.Debug|Any CPU.Build.0 = Debug|Any CPU
		{77E69A15-DE31-4CD9-BA32-B0B30076C7F6}.Release|Any CPU.ActiveCfg = Release|Any CPU
		{77E69A15-DE31-4CD9-BA32-B0B30076C7F6}.Release|Any CPU.Build.0 = Release|Any CPU
		{B96F21C6-33E4-4F68-9087-CB93E979C121}.Debug|Any CPU.ActiveCfg = Debug|Any CPU
		{B96F21C6-33E4-4F68-9087-CB93E979C121}.Debug|Any CPU.Build.0 = Debug|Any CPU
		{B96F21C6-33E4-4F68-9087-CB93E979C121}.Release|Any CPU.ActiveCfg = Release|Any CPU
		{B96F21C6-33E4-4F68-9087-CB93E979C121}.Release|Any CPU.Build.0 = Release|Any CPU
		{B8195784-CDCF-429F-8E72-A69A48A9F875}.Debug|Any CPU.ActiveCfg = Debug|Any CPU
		{B8195784-CDCF-429F-8E72-A69A48A9F875}.Debug|Any CPU.Build.0 = Debug|Any CPU
		{B8195784-CDCF-429F-8E72-A69A48A9F875}.Release|Any CPU.ActiveCfg = Release|Any CPU
		{B8195784-CDCF-429F-8E72-A69A48A9F875}.Release|Any CPU.Build.0 = Release|Any CPU
		{164369A4-E03C-4D05-8E38-9E7E8BFF20DB}.Debug|Any CPU.ActiveCfg = Debug|Any CPU
		{164369A4-E03C-4D05-8E38-9E7E8BFF20DB}.Debug|Any CPU.Build.0 = Debug|Any CPU
		{164369A4-E03C-4D05-8E38-9E7E8BFF20DB}.Release|Any CPU.ActiveCfg = Release|Any CPU
		{164369A4-E03C-4D05-8E38-9E7E8BFF20DB}.Release|Any CPU.Build.0 = Release|Any CPU
	EndGlobalSection
EndGlobal
